
Microsoft Visual Studio Solution File, Format Version 12.00
# Visual Studio Version 17
VisualStudioVersion = 17.2.32526.322
MinimumVisualStudioVersion = 10.0.40219.1
Project("{FAE04EC0-301F-11D3-BF4B-00C04F79EFBC}") = "Cammov.Windows", "Cammov.Windows\Cammov.Windows.csproj", "{C130AE7A-2FC7-4898-8D3D-7C8B76E32B58}"
EndProject
Project("{FAE04EC0-301F-11D3-BF4B-00C04F79EFBC}") = "Cammov.Scanner", "Cammov.Scanner\Cammov.Scanner.csproj", "{7FF6D5F1-2073-4AC5-BFC4-DCB5FAC585CA}"
EndProject
Global
	GlobalSection(SolutionConfigurationPlatforms) = preSolution
		Debug|Any CPU = Debug|Any CPU
		Release|Any CPU = Release|Any CPU
	EndGlobalSection
	GlobalSection(ProjectConfigurationPlatforms) = postSolution
		{C130AE7A-2FC7-4898-8D3D-7C8B76E32B58}.Debug|Any CPU.ActiveCfg = Debug|Any CPU
		{C130AE7A-2FC7-4898-8D3D-7C8B76E32B58}.Debug|Any CPU.Build.0 = Debug|Any CPU
		{C130AE7A-2FC7-4898-8D3D-7C8B76E32B58}.Release|Any CPU.ActiveCfg = Release|Any CPU
		{C130AE7A-2FC7-4898-8D3D-7C8B76E32B58}.Release|Any CPU.Build.0 = Release|Any CPU
		{7FF6D5F1-2073-4AC5-BFC4-DCB5FAC585CA}.Debug|Any CPU.ActiveCfg = Debug|Any CPU
		{7FF6D5F1-2073-4AC5-BFC4-DCB5FAC585CA}.Debug|Any CPU.Build.0 = Debug|Any CPU
		{7FF6D5F1-2073-4AC5-BFC4-DCB5FAC585CA}.Release|Any CPU.ActiveCfg = Release|Any CPU
		{7FF6D5F1-2073-4AC5-BFC4-DCB5FAC585CA}.Release|Any CPU.Build.0 = Release|Any CPU
	EndGlobalSection
	GlobalSection(SolutionProperties) = preSolution
		HideSolutionNode = FALSE
	EndGlobalSection
	GlobalSection(ExtensibilityGlobals) = postSolution
		SolutionGuid = {BF1A50F9-D95C-4261-B6BF-3A55CADA06AD}
	EndGlobalSection
EndGlobal
